
Microsoft Visual Studio Solution File, Format Version 12.00
# Visual Studio 15
VisualStudioVersion = 15.0.35319.79
MinimumVisualStudioVersion = 10.0.40219.1
Project("{FAE04EC0-301F-11D3-BF4B-00C04F79EFBC}") = "ReadyToRead", "ReadyToRead\ReadyToRead.csproj", "{73B573E7-6576-45A7-82EB-72F1592D15A1}"
EndProject
Global
	GlobalSection(SolutionConfigurationPlatforms) = preSolution
		Debug|Any CPU = Debug|Any CPU
		Release|Any CPU = Release|Any CPU
	EndGlobalSection
	GlobalSection(ProjectConfigurationPlatforms) = postSolution
		{73B573E7-6576-45A7-82EB-72F1592D15A1}.Debug|Any CPU.ActiveCfg = Debug|Any CPU
		{73B573E7-6576-45A7-82EB-72F1592D15A1}.Debug|Any CPU.Build.0 = Debug|Any CPU
		{73B573E7-6576-45A7-82EB-72F1592D15A1}.Release|Any CPU.ActiveCfg = Release|Any CPU
		{73B573E7-6576-45A7-82EB-72F1592D15A1}.Release|Any CPU.Build.0 = Release|Any CPU
	EndGlobalSection
	GlobalSection(SolutionProperties) = preSolution
		HideSolutionNode = FALSE
	EndGlobalSection
	GlobalSection(ExtensibilityGlobals) = postSolution
		SolutionGuid = {4B6309F5-7244-466D-9E95-BA8631D4C2C2}
	EndGlobalSection
EndGlobal
